
Microsoft Visual Studio Solution File, Format Version 12.00
# Visual Studio Version 16
VisualStudioVersion = 16.0.31410.357
MinimumVisualStudioVersion = 10.0.40219.1
Project("{FAE04EC0-301F-11D3-BF4B-00C04F79EFBC}") = "ConsoleApp4", "ConsoleApp4\ConsoleApp4.csproj", "{F75BD9EF-8320-4DBE-8362-75971C1AAA90}"
EndProject
Global
	GlobalSection(SolutionConfigurationPlatforms) = preSolution
		Debug|Any CPU = Debug|Any CPU
		Release|Any CPU = Release|Any CPU
	EndGlobalSection
	GlobalSection(ProjectConfigurationPlatforms) = postSolution
		{F75BD9EF-8320-4DBE-8362-75971C1AAA90}.Debug|Any CPU.ActiveCfg = Debug|Any CPU
		{F75BD9EF-8320-4DBE-8362-75971C1AAA90}.Debug|Any CPU.Build.0 = Debug|Any CPU
		{F75BD9EF-8320-4DBE-8362-75971C1AAA90}.Release|Any CPU.ActiveCfg = Release|Any CPU
		{F75BD9EF-8320-4DBE-8362-75971C1AAA90}.Release|Any CPU.Build.0 = Release|Any CPU
	EndGlobalSection
	GlobalSection(SolutionProperties) = preSolution
		HideSolutionNode = FALSE
	EndGlobalSection
	GlobalSection(ExtensibilityGlobals) = postSolution
		SolutionGuid = {43AC2272-50F3-4358-A233-013B8277EC12}
	EndGlobalSection
EndGlobal
